
Microsoft Visual Studio Solution File, Format Version 12.00
# Visual Studio Version 16
VisualStudioVersion = 16.0.32106.194
MinimumVisualStudioVersion = 10.0.40219.1
Project("{FAE04EC0-301F-11D3-BF4B-00C04F79EFBC}") = "Snork.AspNet.SignalR.FluentNHibernate", "Snork.AspNet.SignalR.FluentNHibernate\Snork.AspNet.SignalR.FluentNHibernate.csproj", "{EFCF27EC-CB9B-4F3A-91BE-154B8AB5B5E0}"
EndProject
Project("{2150E333-8FDC-42A3-9474-1A3956D46DE8}") = "Documents", "Documents", "{296ADF92-B991-4A83-9C86-D23DF7E04D88}"
	ProjectSection(SolutionItems) = preProject
		COPYING = COPYING
		COPYING.LESSER = COPYING.LESSER
		DriverPackage.md = DriverPackage.md
		LICENSE.MD = LICENSE.MD
		README.md = README.md
		nuspecs\Snork.AspNet.SignalR.FluentNHibernate.nuspec = nuspecs\Snork.AspNet.SignalR.FluentNHibernate.nuspec
	EndProjectSection
EndProject
Project("{FAE04EC0-301F-11D3-BF4B-00C04F79EFBC}") = "UnitTestProject1", "UnitTestProject1\UnitTestProject1.csproj", "{977BDD18-BB65-402D-8A1D-4A6B0E0DEB42}"
EndProject
Project("{FAE04EC0-301F-11D3-BF4B-00C04F79EFBC}") = "Snork.AspNet.SignalR.Kore", "Snork.AspNet.SignalR.Kore\Snork.AspNet.SignalR.Kore.csproj", "{BEF9ED60-7830-4BC2-BC87-8D61A4C8FB23}"
EndProject
Global
	GlobalSection(SolutionConfigurationPlatforms) = preSolution
		Debug|Any CPU = Debug|Any CPU
		Release|Any CPU = Release|Any CPU
	EndGlobalSection
	GlobalSection(ProjectConfigurationPlatforms) = postSolution
		{EFCF27EC-CB9B-4F3A-91BE-154B8AB5B5E0}.Debug|Any CPU.ActiveCfg = Debug|Any CPU
		{EFCF27EC-CB9B-4F3A-91BE-154B8AB5B5E0}.Debug|Any CPU.Build.0 = Debug|Any CPU
		{EFCF27EC-CB9B-4F3A-91BE-154B8AB5B5E0}.Release|Any CPU.ActiveCfg = Release|Any CPU
		{EFCF27EC-CB9B-4F3A-91BE-154B8AB5B5E0}.Release|Any CPU.Build.0 = Release|Any CPU
		{977BDD18-BB65-402D-8A1D-4A6B0E0DEB42}.Debug|Any CPU.ActiveCfg = Debug|Any CPU
		{977BDD18-BB65-402D-8A1D-4A6B0E0DEB42}.Debug|Any CPU.Build.0 = Debug|Any CPU
		{977BDD18-BB65-402D-8A1D-4A6B0E0DEB42}.Release|Any CPU.ActiveCfg = Release|Any CPU
		{977BDD18-BB65-402D-8A1D-4A6B0E0DEB42}.Release|Any CPU.Build.0 = Release|Any CPU
		{BEF9ED60-7830-4BC2-BC87-8D61A4C8FB23}.Debug|Any CPU.ActiveCfg = Debug|Any CPU
		{BEF9ED60-7830-4BC2-BC87-8D61A4C8FB23}.Debug|Any CPU.Build.0 = Debug|Any CPU
		{BEF9ED60-7830-4BC2-BC87-8D61A4C8FB23}.Release|Any CPU.ActiveCfg = Release|Any CPU
		{BEF9ED60-7830-4BC2-BC87-8D61A4C8FB23}.Release|Any CPU.Build.0 = Release|Any CPU
	EndGlobalSection
	GlobalSection(SolutionProperties) = preSolution
		HideSolutionNode = FALSE
	EndGlobalSection
	GlobalSection(ExtensibilityGlobals) = postSolution
		SolutionGuid = {063BBB3E-B1B7-4877-B780-E2F40508A56D}
	EndGlobalSection
EndGlobal
